# This file is automatically @generated by Cargo.
# It is not intended for manual editing.
version = 4

[[package]]
name = "firefly-lua"
version = "0.1.0"
dependencies = [
 "firefly-rust",
]

[[package]]
name = "firefly-rust"
version = "0.9.3"
source = "registry+https://github.com/rust-lang/crates.io-index"
checksum = "cf9e46395e7e1db94b01115ce2497dd930d5795534857e420158321bbae3b07c"
